{
    "_meta": {
        "hash": {
            "sha256": "77b99b23c4714e0bd2a4294a947e85c522cdd6d322310cfb10bca4476bdd7806"
        },
        "pipfile-spec": 6,
        "requires": {
            "python_version": "3.10"
        },
        "sources": [
            {
                "name": "pypi",
                "url": "https://pypi.org/simple",
                "verify_ssl": true
            }
        ]
    },
    "default": {
        "playsound": {
            "hashes": [
                "sha256:1e83750a5325cbccee03d6e751ba3e78c037ac95b95a3ba1f38d0c5aca9e1a34"
            ],
            "index": "pypi",
            "version": "==1.2.2"
        },
        "plyer": {
            "hashes": [
                "sha256:8de38b17bc438df36eedeacd546cf05303ab871855af0669fc4e8df51f2adf94",
                "sha256:d62a1e68622042e6b9367ba429844e989ea7b13035fd1befe66f385aaaba6de1"
            ],
            "index": "pypi",
            "version": "==2.0.0"
        }
    },
    "develop": {}
}
